
Microsoft Visual Studio Solution File, Format Version 12.00
# Visual Studio Version 16
VisualStudioVersion = 16.0.29411.108
MinimumVisualStudioVersion = 10.0.40219.1
Project("{FAE04EC0-301F-11D3-BF4B-00C04F79EFBC}") = "Ishak", "Ishak.csproj", "{B4931725-9969-4957-B222-0A31638A60E4}"
EndProject
Global
	GlobalSection(SolutionConfigurationPlatforms) = preSolution
		Debug|Any CPU = Debug|Any CPU
		Release|Any CPU = Release|Any CPU
	EndGlobalSection
	GlobalSection(ProjectConfigurationPlatforms) = postSolution
		{B4931725-9969-4957-B222-0A31638A60E4}.Debug|Any CPU.ActiveCfg = Debug|Any CPU
		{B4931725-9969-4957-B222-0A31638A60E4}.Debug|Any CPU.Build.0 = Debug|Any CPU
		{B4931725-9969-4957-B222-0A31638A60E4}.Release|Any CPU.ActiveCfg = Release|Any CPU
		{B4931725-9969-4957-B222-0A31638A60E4}.Release|Any CPU.Build.0 = Release|Any CPU
	EndGlobalSection
	GlobalSection(SolutionProperties) = preSolution
		HideSolutionNode = FALSE
	EndGlobalSection
	GlobalSection(ExtensibilityGlobals) = postSolution
		SolutionGuid = {2D53E766-C9EB-4C42-9670-7EFF8FC7B041}
	EndGlobalSection
EndGlobal
